schema: '2.0'
stages:
  data_ingestion:
    cmd: python src/data/data_ingestion.py
    deps:
    - path: src/data/data_ingestion.py
      hash: md5
      md5: 9b5b8dab8c775b6857a92201a539b890
      size: 4306
    params:
      params.yaml:
        data_ingestion.test_size: 0.2
    outs:
    - path: data/raw
      hash: md5
      md5: e13bcce40396cd334c8a7a334868166a.dir
      size: 6919701
      nfiles: 2
  data_preprocessing:
    cmd: python src/data/data_preprocessing.py
    deps:
    - path: data/raw/test.csv
      hash: md5
      md5: ea97ba82a4a25627bf4ffb52572484ea
      size: 1348612
    - path: data/raw/train.csv
      hash: md5
      md5: 1bd422dd6d135bced1d6c64a3e84a45d
      size: 5571089
    - path: src/data/data_preprocessing.py
      hash: md5
      md5: f681425ef76c7cda681e49b43b132c2f
      size: 4067
    outs:
    - path: data/interim
      hash: md5
      md5: f5d751623f1578891a3c794e2e12b2c8.dir
      size: 5134850
      nfiles: 2
