schema: '2.0'
stages:
  data_ingestion:
    cmd: python src/data/data_ingestion.py
    deps:
    - path: src/data/data_ingestion.py
      hash: md5
      md5: 9b5b8dab8c775b6857a92201a539b890
      size: 4306
    params:
      params.yaml:
        data_ingestion.test_size: 0.2
    outs:
    - path: data/raw
      hash: md5
      md5: e13bcce40396cd334c8a7a334868166a.dir
      size: 6919701
      nfiles: 2
  data_preprocessing:
    cmd: python src/data/data_preprocessing.py
    deps:
    - path: data/raw/test.csv
      hash: md5
      md5: ea97ba82a4a25627bf4ffb52572484ea
      size: 1348612
    - path: data/raw/train.csv
      hash: md5
      md5: 1bd422dd6d135bced1d6c64a3e84a45d
      size: 5571089
    - path: src/data/data_preprocessing.py
      hash: md5
      md5: f681425ef76c7cda681e49b43b132c2f
      size: 4067
    outs:
    - path: data/interim
      hash: md5
      md5: f5d751623f1578891a3c794e2e12b2c8.dir
      size: 5134850
      nfiles: 2
  model_building:
    cmd: python src/model/model_building.py
    deps:
    - path: data/interim/train_preprocessed.csv
      hash: md5
      md5: 35027dfda8274bd9356544f2ff358aa4
      size: 4134324
    - path: src/model/model_building.py
      hash: md5
      md5: d22d45c96620e68556567dd421106210
      size: 5923
    params:
      params.yaml:
        model_building.learning_rate: 0.09
        model_building.max_depth: 20
        model_building.max_features: 1000
        model_building.n_estimators: 367
        model_building.ngram_range:
        - 1
        - 3
    outs:
    - path: lgbm_model.pkl
      hash: md5
      md5: 39c131093029698059d12355b2f97a83
      size: 3886711
    - path: tfidf_vectorizer.pkl
      hash: md5
      md5: 67eecf5e53d448a66135ac6367c23115
      size: 18360907
  model_evaluation:
    cmd: python src/model/model_evaluation.py
    deps:
    - path: data/interim/test_preprocessed.csv
      hash: md5
      md5: 4f30375397ec89fead1745ee6d70f201
      size: 1000526
    - path: data/interim/train_preprocessed.csv
      hash: md5
      md5: 35027dfda8274bd9356544f2ff358aa4
      size: 4134324
    - path: lgbm_model.pkl
      hash: md5
      md5: 39c131093029698059d12355b2f97a83
      size: 3886711
    - path: src/model/model_evaluation.py
      hash: md5
      md5: 0b7abe17ba46613629eed9eae2c48139
      size: 8657
    - path: tfidf_vectorizer.pkl
      hash: md5
      md5: 67eecf5e53d448a66135ac6367c23115
      size: 18360907
    outs:
    - path: experiment_info.json
      hash: md5
      md5: 9bcc359f6a99f2a528d0d3a9328b5ef3
      size: 168
